// !$*UTF8*$!
{
	archiveVersion = 1;
	classes = {
	};
	objectVersion = 46;
	objects = {

/* Begin PBXBuildFile section */
		C0D656C11E36FEEE002FF3C0 /* AppDelegate.swift in Sources */ = {isa = PBXBuildFile; fileRef = C0D656C01E36FEEE002FF3C0 /* AppDelegate.swift */; };
		C0D656C31E36FEEE002FF3C0 /* ViewController.swift in Sources */ = {isa = PBXBuildFile; fileRef = C0D656C21E36FEEE002FF3C0 /* ViewController.swift */; };
		C0D656C61E36FEEE002FF3C0 /* Main.storyboard in Resources */ = {isa = PBXBuildFile; fileRef = C0D656C41E36FEEE002FF3C0 /* Main.storyboard */; };
		C0D656C81E36FEEE002FF3C0 /* Assets.xcassets in Resources */ = {isa = PBXBuildFile; fileRef = C0D656C71E36FEEE002FF3C0 /* Assets.xcassets */; };
		C0D656CB1E36FEEE002FF3C0 /* LaunchScreen.storyboard in Resources */ = {isa = PBXBuildFile; fileRef = C0D656C91E36FEEE002FF3C0 /* LaunchScreen.storyboard */; };
		C0D656DA1E36FEFE002FF3C0 /* AGEasyCache.swift in Sources */ = {isa = PBXBuildFile; fileRef = C0D656D31E36FEFE002FF3C0 /* AGEasyCache.swift */; };
		C0D656DB1E36FEFE002FF3C0 /* AGEasyDownloader.swift in Sources */ = {isa = PBXBuildFile; fileRef = C0D656D41E36FEFE002FF3C0 /* AGEasyDownloader.swift */; };
		C0D656DC1E36FEFE002FF3C0 /* AGEasyImageView.swift in Sources */ = {isa = PBXBuildFile; fileRef = C0D656D51E36FEFE002FF3C0 /* AGEasyImageView.swift */; };
		C0D656DD1E36FEFE002FF3C0 /* AGEasyLabel.swift in Sources */ = {isa = PBXBuildFile; fileRef = C0D656D61E36FEFE002FF3C0 /* AGEasyLabel.swift */; };
		C0D656DE1E36FEFE002FF3C0 /* AGEasyTableViewCell.swift in Sources */ = {isa = PBXBuildFile; fileRef = C0D656D71E36FEFE002FF3C0 /* AGEasyTableViewCell.swift */; };
		C0D656DF1E36FEFE002FF3C0 /* AGEasyTableViewController.swift in Sources */ = {isa = PBXBuildFile; fileRef = C0D656D81E36FEFE002FF3C0 /* AGEasyTableViewController.swift */; };
		C0D656E01E36FEFE002FF3C0 /* AGEasyViewController.swift in Sources */ = {isa = PBXBuildFile; fileRef = C0D656D91E36FEFE002FF3C0 /* AGEasyViewController.swift */; };
/* End PBXBuildFile section */

/* Begin PBXFileReference section */
		C0D656BD1E36FEEE002FF3C0 /* AGEasyFrameworkExample.app */ = {isa = PBXFileReference; explicitFileType = wrapper.application; includeInIndex = 0; path = AGEasyFrameworkExample.app; sourceTree = BUILT_PRODUCTS_DIR; };
		C0D656C01E36FEEE002FF3C0 /* AppDelegate.swift */ = {isa = PBXFileReference; lastKnownFileType = sourcecode.swift; path = AppDelegate.swift; sourceTree = "<group>"; };
		C0D656C21E36FEEE002FF3C0 /* ViewController.swift */ = {isa = PBXFileReference; lastKnownFileType = sourcecode.swift; path = ViewController.swift; sourceTree = "<group>"; };
		C0D656C51E36FEEE002FF3C0 /* Base */ = {isa = PBXFileReference; lastKnownFileType = file.storyboard; name = Base; path = Base.lproj/Main.storyboard; sourceTree = "<group>"; };
		C0D656C71E36FEEE002FF3C0 /* Assets.xcassets */ = {isa = PBXFileReference; lastKnownFileType = folder.assetcatalog; path = Assets.xcassets; sourceTree = "<group>"; };
		C0D656CA1E36FEEE002FF3C0 /* Base */ = {isa = PBXFileReference; lastKnownFileType = file.storyboard; name = Base; path = Base.lproj/LaunchScreen.storyboard; sourceTree = "<group>"; };
		C0D656CC1E36FEEE002FF3C0 /* Info.plist */ = {isa = PBXFileReference; lastKnownFileType = text.plist.xml; path = Info.plist; sourceTree = "<group>"; };
		C0D656D31E36FEFE002FF3C0 /* AGEasyCache.swift */ = {isa = PBXFileReference; fileEncoding = 4; lastKnownFileType = sourcecode.swift; path = AGEasyCache.swift; sourceTree = "<group>"; };
		C0D656D41E36FEFE002FF3C0 /* AGEasyDownloader.swift */ = {isa = PBXFileReference; fileEncoding = 4; lastKnownFileType = sourcecode.swift; path = AGEasyDownloader.swift; sourceTree = "<group>"; };
		C0D656D51E36FEFE002FF3C0 /* AGEasyImageView.swift */ = {isa = PBXFileReference; fileEncoding = 4; lastKnownFileType = sourcecode.swift; path = AGEasyImageView.swift; sourceTree = "<group>"; };
		C0D656D61E36FEFE002FF3C0 /* AGEasyLabel.swift */ = {isa = PBXFileReference; fileEncoding = 4; lastKnownFileType = sourcecode.swift; path = AGEasyLabel.swift; sourceTree = "<group>"; };
		C0D656D71E36FEFE002FF3C0 /* AGEasyTableViewCell.swift */ = {isa = PBXFileReference; fileEncoding = 4; lastKnownFileType = sourcecode.swift; path = AGEasyTableViewCell.swift; sourceTree = "<group>"; };
		C0D656D81E36FEFE002FF3C0 /* AGEasyTableViewController.swift */ = {isa = PBXFileReference; fileEncoding = 4; lastKnownFileType = sourcecode.swift; path = AGEasyTableViewController.swift; sourceTree = "<group>"; };
		C0D656D91E36FEFE002FF3C0 /* AGEasyViewController.swift */ = {isa = PBXFileReference; fileEncoding = 4; lastKnownFileType = sourcecode.swift; path = AGEasyViewController.swift; sourceTree = "<group>"; };
/* End PBXFileReference section */

/* Begin PBXFrameworksBuildPhase section */
		C0D656BA1E36FEEE002FF3C0 /* Frameworks */ = {
			isa = PBXFrameworksBuildPhase;
			buildActionMask = 2147483647;
			files = (
			);
			runOnlyForDeploymentPostprocessing = 0;
		};
/* End PBXFrameworksBuildPhase section */

/* Begin PBXGroup section */
		C0D656B41E36FEEE002FF3C0 = {
			isa = PBXGroup;
			children = (
				C0D656BF1E36FEEE002FF3C0 /* AGEasyFrameworkExample */,
				C0D656BE1E36FEEE002FF3C0 /* Products */,
			);
			sourceTree = "<group>";
		};
		C0D656BE1E36FEEE002FF3C0 /* Products */ = {
			isa = PBXGroup;
			children = (
				C0D656BD1E36FEEE002FF3C0 /* AGEasyFrameworkExample.app */,
			);
			name = Products;
			sourceTree = "<group>";
		};
		C0D656BF1E36FEEE002FF3C0 /* AGEasyFrameworkExample */ = {
			isa = PBXGroup;
			children = (
				C0D656D21E36FEFE002FF3C0 /* AGEasyFramework */,
				C0D656C01E36FEEE002FF3C0 /* AppDelegate.swift */,
				C0D656C21E36FEEE002FF3C0 /* ViewController.swift */,
				C0D656C41E36FEEE002FF3C0 /* Main.storyboard */,
				C0D656C71E36FEEE002FF3C0 /* Assets.xcassets */,
				C0D656C91E36FEEE002FF3C0 /* LaunchScreen.storyboard */,
				C0D656CC1E36FEEE002FF3C0 /* Info.plist */,
			);
			path = AGEasyFrameworkExample;
			sourceTree = "<group>";
		};
		C0D656D21E36FEFE002FF3C0 /* AGEasyFramework */ = {
			isa = PBXGroup;
			children = (
				C0D656D31E36FEFE002FF3C0 /* AGEasyCache.swift */,
				C0D656D41E36FEFE002FF3C0 /* AGEasyDownloader.swift */,
				C0D656D51E36FEFE002FF3C0 /* AGEasyImageView.swift */,
				C0D656D61E36FEFE002FF3C0 /* AGEasyLabel.swift */,
				C0D656D71E36FEFE002FF3C0 /* AGEasyTableViewCell.swift */,
				C0D656D81E36FEFE002FF3C0 /* AGEasyTableViewController.swift */,
				C0D656D91E36FEFE002FF3C0 /* AGEasyViewController.swift */,
			);
			path = AGEasyFramework;
			sourceTree = "<group>";
		};
/* End PBXGroup section */

/* Begin PBXNativeTarget section */
		C0D656BC1E36FEEE002FF3C0 /* AGEasyFrameworkExample */ = {
			isa = PBXNativeTarget;
			buildConfigurationList = C0D656CF1E36FEEE002FF3C0 /* Build configuration list for PBXNativeTarget "AGEasyFrameworkExample" */;
			buildPhases = (
				C0D656B91E36FEEE002FF3C0 /* Sources */,
				C0D656BA1E36FEEE002FF3C0 /* Frameworks */,
				C0D656BB1E36FEEE002FF3C0 /* Resources */,
			);
			buildRules = (
			);
			dependencies = (
			);
			name = AGEasyFrameworkExample;
			productName = AGEasyFrameworkExample;
			productReference = C0D656BD1E36FEEE002FF3C0 /* AGEasyFrameworkExample.app */;
			productType = "com.apple.product-type.application";
		};
/* End PBXNativeTarget section */

/* Begin PBXProject section */
		C0D656B51E36FEEE002FF3C0 /* Project object */ = {
			isa = PBXProject;
			attributes = {
				LastSwiftUpdateCheck = 0810;
				LastUpgradeCheck = 0810;
				ORGANIZATIONNAME = "Alex Gibson";
				TargetAttributes = {
					C0D656BC1E36FEEE002FF3C0 = {
						CreatedOnToolsVersion = 8.1;
						ProvisioningStyle = Automatic;
					};
				};
			};
			buildConfigurationList = C0D656B81E36FEEE002FF3C0 /* Build configuration list for PBXProject "AGEasyFrameworkExample" */;
			compatibilityVersion = "Xcode 3.2";
			developmentRegion = English;
			hasScannedForEncodings = 0;
			knownRegions = (
				en,
				Base,
			);
			mainGroup = C0D656B41E36FEEE002FF3C0;
			productRefGroup = C0D656BE1E36FEEE002FF3C0 /* Products */;
			projectDirPath = "";
			projectRoot = "";
			targets = (
				C0D656BC1E36FEEE002FF3C0 /* AGEasyFrameworkExample */,
			);
		};
/* End PBXProject section */

/* Begin PBXResourcesBuildPhase section */
		C0D656BB1E36FEEE002FF3C0 /* Resources */ = {
			isa = PBXResourcesBuildPhase;
			buildActionMask = 2147483647;
			files = (
				C0D656CB1E36FEEE002FF3C0 /* LaunchScreen.storyboard in Resources */,
				C0D656C81E36FEEE002FF3C0 /* Assets.xcassets in Resources */,
				C0D656C61E36FEEE002FF3C0 /* Main.storyboard in Resources */,
			);
			runOnlyForDeploymentPostprocessing = 0;
		};
/* End PBXResourcesBuildPhase section */

/* Begin PBXSourcesBuildPhase section */
		C0D656B91E36FEEE002FF3C0 /* Sources */ = {
			isa = PBXSourcesBuildPhase;
			buildActionMask = 2147483647;
			files = (
				C0D656DD1E36FEFE002FF3C0 /* AGEasyLabel.swift in Sources */,
				C0D656DA1E36FEFE002FF3C0 /* AGEasyCache.swift in Sources */,
				C0D656C31E36FEEE002FF3C0 /* ViewController.swift in Sources */,
				C0D656DF1E36FEFE002FF3C0 /* AGEasyTableViewController.swift in Sources */,
				C0D656DB1E36FEFE002FF3C0 /* AGEasyDownloader.swift in Sources */,
				C0D656DE1E36FEFE002FF3C0 /* AGEasyTableViewCell.swift in Sources */,
				C0D656E01E36FEFE002FF3C0 /* AGEasyViewController.swift in Sources */,
				C0D656DC1E36FEFE002FF3C0 /* AGEasyImageView.swift in Sources */,
				C0D656C11E36FEEE002FF3C0 /* AppDelegate.swift in Sources */,
			);
			runOnlyForDeploymentPostprocessing = 0;
		};
/* End PBXSourcesBuildPhase section */

/* Begin PBXVariantGroup section */
		C0D656C41E36FEEE002FF3C0 /* Main.storyboard */ = {
			isa = PBXVariantGroup;
			children = (
				C0D656C51E36FEEE002FF3C0 /* Base */,
			);
			name = Main.storyboard;
			sourceTree = "<group>";
		};
		C0D656C91E36FEEE002FF3C0 /* LaunchScreen.storyboard */ = {
			isa = PBXVariantGroup;
			children = (
				C0D656CA1E36FEEE002FF3C0 /* Base */,
			);
			name = LaunchScreen.storyboard;
			sourceTree = "<group>";
		};
/* End PBXVariantGroup section */

/* Begin XCBuildConfiguration section */
		C0D656CD1E36FEEE002FF3C0 /* Debug */ = {
			isa = XCBuildConfiguration;
			buildSettings = {
				ALWAYS_SEARCH_USER_PATHS = NO;
				CLANG_ANALYZER_NONNULL = YES;
				CLANG_CXX_LANGUAGE_STANDARD = "gnu++0x";
				CLANG_CXX_LIBRARY = "libc++";
				CLANG_ENABLE_MODULES = YES;
				CLANG_ENABLE_OBJC_ARC = YES;
				CLANG_WARN_BOOL_CONVERSION = YES;
				CLANG_WARN_CONSTANT_CONVERSION = YES;
				CLANG_WARN_DIRECT_OBJC_ISA_USAGE = YES_ERROR;
				CLANG_WARN_DOCUMENTATION_COMMENTS = YES;
				CLANG_WARN_EMPTY_BODY = YES;
				CLANG_WARN_ENUM_CONVERSION = YES;
				CLANG_WARN_INFINITE_RECURSION = YES;
				CLANG_WARN_INT_CONVERSION = YES;
				CLANG_WARN_OBJC_ROOT_CLASS = YES_ERROR;
				CLANG_WARN_SUSPICIOUS_MOVES = YES;
				CLANG_WARN_UNREACHABLE_CODE = YES;
				CLANG_WARN__DUPLICATE_METHOD_MATCH = YES;
				"CODE_SIGN_IDENTITY[sdk=iphoneos*]" = "iPhone Developer";
				COPY_PHASE_STRIP = NO;
				DEBUG_INFORMATION_FORMAT = dwarf;
				ENABLE_STRICT_OBJC_MSGSEND = YES;
				ENABLE_TESTABILITY = YES;
				GCC_C_LANGUAGE_STANDARD = gnu99;
				GCC_DYNAMIC_NO_PIC = NO;
				GCC_NO_COMMON_BLOCKS = YES;
				GCC_OPTIMIZATION_LEVEL = 0;
				GCC_PREPROCESSOR_DEFINITIONS = (
					"DEBUG=1",
					"$(inherited)",
				);
				GCC_WARN_64_TO_32_BIT_CONVERSION = YES;
				GCC_WARN_ABOUT_RETURN_TYPE = YES_ERROR;
				GCC_WARN_UNDECLARED_SELECTOR = YES;
				GCC_WARN_UNINITIALIZED_AUTOS = YES_AGGRESSIVE;
				GCC_WARN_UNUSED_FUNCTION = YES;
				GCC_WARN_UNUSED_VARIABLE = YES;
				IPHONEOS_DEPLOYMENT_TARGET = 10.1;
				MTL_ENABLE_DEBUG_INFO = YES;
				ONLY_ACTIVE_ARCH = YES;
				SDKROOT = iphoneos;
				SWIFT_ACTIVE_COMPILATION_CONDITIONS = DEBUG;
				SWIFT_OPTIMIZATION_LEVEL = "-Onone";
				TARGETED_DEVICE_FAMILY = "1,2";
			};
			name = Debug;
		};
		C0D656CE1E36FEEE002FF3C0 /* Release */ = {
			isa = XCBuildConfiguration;
			buildSettings = {
				ALWAYS_SEARCH_USER_PATHS = NO;
				CLANG_ANALYZER_NONNULL = YES;
				CLANG_CXX_LANGUAGE_STANDARD = "gnu++0x";
				CLANG_CXX_LIBRARY = "libc++";
				CLANG_ENABLE_MODULES = YES;
				CLANG_ENABLE_OBJC_ARC = YES;
				CLANG_WARN_BOOL_CONVERSION = YES;
				CLANG_WARN_CONSTANT_CONVERSION = YES;
				CLANG_WARN_DIRECT_OBJC_ISA_USAGE = YES_ERROR;
				CLANG_WARN_DOCUMENTATION_COMMENTS = YES;
				CLANG_WARN_EMPTY_BODY = YES;
				CLANG_WARN_ENUM_CONVERSION = YES;
				CLANG_WARN_INFINITE_RECURSION = YES;
				CLANG_WARN_INT_CONVERSION = YES;
				CLANG_WARN_OBJC_ROOT_CLASS = YES_ERROR;
				CLANG_WARN_SUSPICIOUS_MOVES = YES;
				CLANG_WARN_UNREACHABLE_CODE = YES;
				CLANG_WARN__DUPLICATE_METHOD_MATCH = YES;
				"CODE_SIGN_IDENTITY[sdk=iphoneos*]" = "iPhone Developer";
				COPY_PHASE_STRIP = NO;
				DEBUG_INFORMATION_FORMAT = "dwarf-with-dsym";
				ENABLE_NS_ASSERTIONS = NO;
				ENABLE_STRICT_OBJC_MSGSEND = YES;
				GCC_C_LANGUAGE_STANDARD = gnu99;
				GCC_NO_COMMON_BLOCKS = YES;
				GCC_WARN_64_TO_32_BIT_CONVERSION = YES;
				GCC_WARN_ABOUT_RETURN_TYPE = YES_ERROR;
				GCC_WARN_UNDECLARED_SELECTOR = YES;
				GCC_WARN_UNINITIALIZED_AUTOS = YES_AGGRESSIVE;
				GCC_WARN_UNUSED_FUNCTION = YES;
				GCC_WARN_UNUSED_VARIABLE = YES;
				IPHONEOS_DEPLOYMENT_TARGET = 10.1;
				MTL_ENABLE_DEBUG_INFO = NO;
				SDKROOT = iphoneos;
				SWIFT_OPTIMIZATION_LEVEL = "-Owholemodule";
				TARGETED_DEVICE_FAMILY = "1,2";
				VALIDATE_PRODUCT = YES;
			};
			name = Release;
		};
		C0D656D01E36FEEE002FF3C0 /* Debug */ = {
			isa = XCBuildConfiguration;
			buildSettings = {
				ASSETCATALOG_COMPILER_APPICON_NAME = AppIcon;
				INFOPLIST_FILE = AGEasyFrameworkExample/Info.plist;
				LD_RUNPATH_SEARCH_PATHS = "$(inherited) @executable_path/Frameworks";
				PRODUCT_BUNDLE_IDENTIFIER = AG.AGEasyFrameworkExample;
				PRODUCT_NAME = "$(TARGET_NAME)";
				SWIFT_VERSION = 3.0;
			};
			name = Debug;
		};
		C0D656D11E36FEEE002FF3C0 /* Release */ = {
			isa = XCBuildConfiguration;
			buildSettings = {
				ASSETCATALOG_COMPILER_APPICON_NAME = AppIcon;
				INFOPLIST_FILE = AGEasyFrameworkExample/Info.plist;
				LD_RUNPATH_SEARCH_PATHS = "$(inherited) @executable_path/Frameworks";
				PRODUCT_BUNDLE_IDENTIFIER = AG.AGEasyFrameworkExample;
				PRODUCT_NAME = "$(TARGET_NAME)";
				SWIFT_VERSION = 3.0;
			};
			name = Release;
		};
/* End XCBuildConfiguration section */

/* Begin XCConfigurationList section */
		C0D656B81E36FEEE002FF3C0 /* Build configuration list for PBXProject "AGEasyFrameworkExample" */ = {
			isa = XCConfigurationList;
			buildConfigurations = (
				C0D656CD1E36FEEE002FF3C0 /* Debug */,
				C0D656CE1E36FEEE002FF3C0 /* Release */,
			);
			defaultConfigurationIsVisible = 0;
			defaultConfigurationName = Release;
		};
		C0D656CF1E36FEEE002FF3C0 /* Build configuration list for PBXNativeTarget "AGEasyFrameworkExample" */ = {
			isa = XCConfigurationList;
			buildConfigurations = (
				C0D656D01E36FEEE002FF3C0 /* Debug */,
				C0D656D11E36FEEE002FF3C0 /* Release */,
			);
			defaultConfigurationIsVisible = 0;
		};
/* End XCConfigurationList section */
	};
	rootObject = C0D656B51E36FEEE002FF3C0 /* Project object */;
}
